
Microsoft Visual Studio Solution File, Format Version 12.00
# Visual Studio Version 17
VisualStudioVersion = 17.3.32901.215
MinimumVisualStudioVersion = 10.0.40219.1
Project("{9A19103F-16F7-4668-BE54-9A1E7A4F7556}") = "MyBoards", "MyBoards\MyBoards.csproj", "{C8ADAC2B-55F0-445A-A75C-1FC68C6E7D69}"
EndProject
Project("{9A19103F-16F7-4668-BE54-9A1E7A4F7556}") = "MyBoards.Benchmark", "MyBoards.Benchmark\MyBoards.Benchmark.csproj", "{B27E7485-0844-4890-87EC-D8D5CC44D01D}"
EndProject
Project("{FAE04EC0-301F-11D3-BF4B-00C04F79EFBC}") = "Northwind", "Northwind\Northwind.csproj", "{967725EA-AC36-4DEC-9998-751D90602F42}"
EndProject
Global
	GlobalSection(SolutionConfigurationPlatforms) = preSolution
		Debug|Any CPU = Debug|Any CPU
		Release|Any CPU = Release|Any CPU
	EndGlobalSection
	GlobalSection(ProjectConfigurationPlatforms) = postSolution
		{C8ADAC2B-55F0-445A-A75C-1FC68C6E7D69}.Debug|Any CPU.ActiveCfg = Debug|Any CPU
		{C8ADAC2B-55F0-445A-A75C-1FC68C6E7D69}.Debug|Any CPU.Build.0 = Debug|Any CPU
		{C8ADAC2B-55F0-445A-A75C-1FC68C6E7D69}.Release|Any CPU.ActiveCfg = Release|Any CPU
		{C8ADAC2B-55F0-445A-A75C-1FC68C6E7D69}.Release|Any CPU.Build.0 = Release|Any CPU
		{B27E7485-0844-4890-87EC-D8D5CC44D01D}.Debug|Any CPU.ActiveCfg = Debug|Any CPU
		{B27E7485-0844-4890-87EC-D8D5CC44D01D}.Debug|Any CPU.Build.0 = Debug|Any CPU
		{B27E7485-0844-4890-87EC-D8D5CC44D01D}.Release|Any CPU.ActiveCfg = Release|Any CPU
		{B27E7485-0844-4890-87EC-D8D5CC44D01D}.Release|Any CPU.Build.0 = Release|Any CPU
		{967725EA-AC36-4DEC-9998-751D90602F42}.Debug|Any CPU.ActiveCfg = Debug|Any CPU
		{967725EA-AC36-4DEC-9998-751D90602F42}.Debug|Any CPU.Build.0 = Debug|Any CPU
		{967725EA-AC36-4DEC-9998-751D90602F42}.Release|Any CPU.ActiveCfg = Release|Any CPU
		{967725EA-AC36-4DEC-9998-751D90602F42}.Release|Any CPU.Build.0 = Release|Any CPU
	EndGlobalSection
	GlobalSection(SolutionProperties) = preSolution
		HideSolutionNode = FALSE
	EndGlobalSection
	GlobalSection(ExtensibilityGlobals) = postSolution
		SolutionGuid = {9656E4FF-A1CE-46BB-BE92-2078A4BF6353}
	EndGlobalSection
EndGlobal
